// !$*UTF8*$!
{
	archiveVersion = 1;
	classes = {
	};
	objectVersion = 46;
	objects = {

/* Begin PBXBuildFile section */
		A0D8A6841E791E8700E5C46B /* AppDelegate.swift in Sources */ = {isa = PBXBuildFile; fileRef = A0D8A6831E791E8700E5C46B /* AppDelegate.swift */; };
		A0D8A6861E791E8700E5C46B /* ViewController.swift in Sources */ = {isa = PBXBuildFile; fileRef = A0D8A6851E791E8700E5C46B /* ViewController.swift */; };
		A0D8A6891E791E8700E5C46B /* Main.storyboard in Resources */ = {isa = PBXBuildFile; fileRef = A0D8A6871E791E8700E5C46B /* Main.storyboard */; };
		A0D8A68B1E791E8700E5C46B /* Assets.xcassets in Resources */ = {isa = PBXBuildFile; fileRef = A0D8A68A1E791E8700E5C46B /* Assets.xcassets */; };
		A0D8A68E1E791E8700E5C46B /* LaunchScreen.storyboard in Resources */ = {isa = PBXBuildFile; fileRef = A0D8A68C1E791E8700E5C46B /* LaunchScreen.storyboard */; };
		A0D8A6991E791E8700E5C46B /* SwiftPlayLocalVideoTests.swift in Sources */ = {isa = PBXBuildFile; fileRef = A0D8A6981E791E8700E5C46B /* SwiftPlayLocalVideoTests.swift */; };
		A0D8A6A41E791E8700E5C46B /* SwiftPlayLocalVideoUITests.swift in Sources */ = {isa = PBXBuildFile; fileRef = A0D8A6A31E791E8700E5C46B /* SwiftPlayLocalVideoUITests.swift */; };
		A0D8A6B21E791FD800E5C46B /* CustomTableViewCell.swift in Sources */ = {isa = PBXBuildFile; fileRef = A0D8A6B11E791FD800E5C46B /* CustomTableViewCell.swift */; };
		A0D8A6B51E79333400E5C46B /* emoji.mp4 in Resources */ = {isa = PBXBuildFile; fileRef = A0D8A6B41E79333400E5C46B /* emoji.mp4 */; };
/* End PBXBuildFile section */

/* Begin PBXContainerItemProxy section */
		A0D8A6951E791E8700E5C46B /* PBXContainerItemProxy */ = {
			isa = PBXContainerItemProxy;
			containerPortal = A0D8A6781E791E8700E5C46B /* Project object */;
			proxyType = 1;
			remoteGlobalIDString = A0D8A67F1E791E8700E5C46B;
			remoteInfo = SwiftPlayLocalVideo;
		};
		A0D8A6A01E791E8700E5C46B /* PBXContainerItemProxy */ = {
			isa = PBXContainerItemProxy;
			containerPortal = A0D8A6781E791E8700E5C46B /* Project object */;
			proxyType = 1;
			remoteGlobalIDString = A0D8A67F1E791E8700E5C46B;
			remoteInfo = SwiftPlayLocalVideo;
		};
/* End PBXContainerItemProxy section */

/* Begin PBXFileReference section */
		A0D8A6801E791E8700E5C46B /* SwiftPlayLocalVideo.app */ = {isa = PBXFileReference; explicitFileType = wrapper.application; includeInIndex = 0; path = SwiftPlayLocalVideo.app; sourceTree = BUILT_PRODUCTS_DIR; };
		A0D8A6831E791E8700E5C46B /* AppDelegate.swift */ = {isa = PBXFileReference; lastKnownFileType = sourcecode.swift; path = AppDelegate.swift; sourceTree = "<group>"; };
		A0D8A6851E791E8700E5C46B /* ViewController.swift */ = {isa = PBXFileReference; lastKnownFileType = sourcecode.swift; path = ViewController.swift; sourceTree = "<group>"; };
		A0D8A6881E791E8700E5C46B /* Base */ = {isa = PBXFileReference; lastKnownFileType = file.storyboard; name = Base; path = Base.lproj/Main.storyboard; sourceTree = "<group>"; };
		A0D8A68A1E791E8700E5C46B /* Assets.xcassets */ = {isa = PBXFileReference; lastKnownFileType = folder.assetcatalog; path = Assets.xcassets; sourceTree = "<group>"; };
		A0D8A68D1E791E8700E5C46B /* Base */ = {isa = PBXFileReference; lastKnownFileType = file.storyboard; name = Base; path = Base.lproj/LaunchScreen.storyboard; sourceTree = "<group>"; };
		A0D8A68F1E791E8700E5C46B /* Info.plist */ = {isa = PBXFileReference; lastKnownFileType = text.plist.xml; path = Info.plist; sourceTree = "<group>"; };
		A0D8A6941E791E8700E5C46B /* SwiftPlayLocalVideoTests.xctest */ = {isa = PBXFileReference; explicitFileType = wrapper.cfbundle; includeInIndex = 0; path = SwiftPlayLocalVideoTests.xctest; sourceTree = BUILT_PRODUCTS_DIR; };
		A0D8A6981E791E8700E5C46B /* SwiftPlayLocalVideoTests.swift */ = {isa = PBXFileReference; lastKnownFileType = sourcecode.swift; path = SwiftPlayLocalVideoTests.swift; sourceTree = "<group>"; };
		A0D8A69A1E791E8700E5C46B /* Info.plist */ = {isa = PBXFileReference; lastKnownFileType = text.plist.xml; path = Info.plist; sourceTree = "<group>"; };
		A0D8A69F1E791E8700E5C46B /* SwiftPlayLocalVideoUITests.xctest */ = {isa = PBXFileReference; explicitFileType = wrapper.cfbundle; includeInIndex = 0; path = SwiftPlayLocalVideoUITests.xctest; sourceTree = BUILT_PRODUCTS_DIR; };
		A0D8A6A31E791E8700E5C46B /* SwiftPlayLocalVideoUITests.swift */ = {isa = PBXFileReference; lastKnownFileType = sourcecode.swift; path = SwiftPlayLocalVideoUITests.swift; sourceTree = "<group>"; };
		A0D8A6A51E791E8700E5C46B /* Info.plist */ = {isa = PBXFileReference; lastKnownFileType = text.plist.xml; path = Info.plist; sourceTree = "<group>"; };
		A0D8A6B11E791FD800E5C46B /* CustomTableViewCell.swift */ = {isa = PBXFileReference; fileEncoding = 4; lastKnownFileType = sourcecode.swift; path = CustomTableViewCell.swift; sourceTree = "<group>"; };
		A0D8A6B41E79333400E5C46B /* emoji.mp4 */ = {isa = PBXFileReference; lastKnownFileType = file; path = emoji.mp4; sourceTree = "<group>"; };
/* End PBXFileReference section */

/* Begin PBXFrameworksBuildPhase section */
		A0D8A67D1E791E8700E5C46B /* Frameworks */ = {
			isa = PBXFrameworksBuildPhase;
			buildActionMask = 2147483647;
			files = (
			);
			runOnlyForDeploymentPostprocessing = 0;
		};
		A0D8A6911E791E8700E5C46B /* Frameworks */ = {
			isa = PBXFrameworksBuildPhase;
			buildActionMask = 2147483647;
			files = (
			);
			runOnlyForDeploymentPostprocessing = 0;
		};
		A0D8A69C1E791E8700E5C46B /* Frameworks */ = {
			isa = PBXFrameworksBuildPhase;
			buildActionMask = 2147483647;
			files = (
			);
			runOnlyForDeploymentPostprocessing = 0;
		};
/* End PBXFrameworksBuildPhase section */

/* Begin PBXGroup section */
		A0D8A6771E791E8700E5C46B = {
			isa = PBXGroup;
			children = (
				A0D8A6821E791E8700E5C46B /* SwiftPlayLocalVideo */,
				A0D8A6971E791E8700E5C46B /* SwiftPlayLocalVideoTests */,
				A0D8A6A21E791E8700E5C46B /* SwiftPlayLocalVideoUITests */,
				A0D8A6811E791E8700E5C46B /* Products */,
			);
			sourceTree = "<group>";
		};
		A0D8A6811E791E8700E5C46B /* Products */ = {
			isa = PBXGroup;
			children = (
				A0D8A6801E791E8700E5C46B /* SwiftPlayLocalVideo.app */,
				A0D8A6941E791E8700E5C46B /* SwiftPlayLocalVideoTests.xctest */,
				A0D8A69F1E791E8700E5C46B /* SwiftPlayLocalVideoUITests.xctest */,
			);
			name = Products;
			sourceTree = "<group>";
		};
		A0D8A6821E791E8700E5C46B /* SwiftPlayLocalVideo */ = {
			isa = PBXGroup;
			children = (
				A0D8A6B41E79333400E5C46B /* emoji.mp4 */,
				A0D8A6831E791E8700E5C46B /* AppDelegate.swift */,
				A0D8A6851E791E8700E5C46B /* ViewController.swift */,
				A0D8A6871E791E8700E5C46B /* Main.storyboard */,
				A0D8A68A1E791E8700E5C46B /* Assets.xcassets */,
				A0D8A68C1E791E8700E5C46B /* LaunchScreen.storyboard */,
				A0D8A68F1E791E8700E5C46B /* Info.plist */,
				A0D8A6B11E791FD800E5C46B /* CustomTableViewCell.swift */,
			);
			path = SwiftPlayLocalVideo;
			sourceTree = "<group>";
		};
		A0D8A6971E791E8700E5C46B /* SwiftPlayLocalVideoTests */ = {
			isa = PBXGroup;
			children = (
				A0D8A6981E791E8700E5C46B /* SwiftPlayLocalVideoTests.swift */,
				A0D8A69A1E791E8700E5C46B /* Info.plist */,
			);
			path = SwiftPlayLocalVideoTests;
			sourceTree = "<group>";
		};
		A0D8A6A21E791E8700E5C46B /* SwiftPlayLocalVideoUITests */ = {
			isa = PBXGroup;
			children = (
				A0D8A6A31E791E8700E5C46B /* SwiftPlayLocalVideoUITests.swift */,
				A0D8A6A51E791E8700E5C46B /* Info.plist */,
			);
			path = SwiftPlayLocalVideoUITests;
			sourceTree = "<group>";
		};
/* End PBXGroup section */

/* Begin PBXNativeTarget section */
		A0D8A67F1E791E8700E5C46B /* SwiftPlayLocalVideo */ = {
			isa = PBXNativeTarget;
			buildConfigurationList = A0D8A6A81E791E8700E5C46B /* Build configuration list for PBXNativeTarget "SwiftPlayLocalVideo" */;
			buildPhases = (
				A0D8A67C1E791E8700E5C46B /* Sources */,
				A0D8A67D1E791E8700E5C46B /* Frameworks */,
				A0D8A67E1E791E8700E5C46B /* Resources */,
			);
			buildRules = (
			);
			dependencies = (
			);
			name = SwiftPlayLocalVideo;
			productName = SwiftPlayLocalVideo;
			productReference = A0D8A6801E791E8700E5C46B /* SwiftPlayLocalVideo.app */;
			productType = "com.apple.product-type.application";
		};
		A0D8A6931E791E8700E5C46B /* SwiftPlayLocalVideoTests */ = {
			isa = PBXNativeTarget;
			buildConfigurationList = A0D8A6AB1E791E8700E5C46B /* Build configuration list for PBXNativeTarget "SwiftPlayLocalVideoTests" */;
			buildPhases = (
				A0D8A6901E791E8700E5C46B /* Sources */,
				A0D8A6911E791E8700E5C46B /* Frameworks */,
				A0D8A6921E791E8700E5C46B /* Resources */,
			);
			buildRules = (
			);
			dependencies = (
				A0D8A6961E791E8700E5C46B /* PBXTargetDependency */,
			);
			name = SwiftPlayLocalVideoTests;
			productName = SwiftPlayLocalVideoTests;
			productReference = A0D8A6941E791E8700E5C46B /* SwiftPlayLocalVideoTests.xctest */;
			productType = "com.apple.product-type.bundle.unit-test";
		};
		A0D8A69E1E791E8700E5C46B /* SwiftPlayLocalVideoUITests */ = {
			isa = PBXNativeTarget;
			buildConfigurationList = A0D8A6AE1E791E8700E5C46B /* Build configuration list for PBXNativeTarget "SwiftPlayLocalVideoUITests" */;
			buildPhases = (
				A0D8A69B1E791E8700E5C46B /* Sources */,
				A0D8A69C1E791E8700E5C46B /* Frameworks */,
				A0D8A69D1E791E8700E5C46B /* Resources */,
			);
			buildRules = (
			);
			dependencies = (
				A0D8A6A11E791E8700E5C46B /* PBXTargetDependency */,
			);
			name = SwiftPlayLocalVideoUITests;
			productName = SwiftPlayLocalVideoUITests;
			productReference = A0D8A69F1E791E8700E5C46B /* SwiftPlayLocalVideoUITests.xctest */;
			productType = "com.apple.product-type.bundle.ui-testing";
		};
/* End PBXNativeTarget section */

/* Begin PBXProject section */
		A0D8A6781E791E8700E5C46B /* Project object */ = {
			isa = PBXProject;
			attributes = {
				LastSwiftUpdateCheck = 0800;
				LastUpgradeCheck = 0800;
				ORGANIZATIONNAME = com.runo;
				TargetAttributes = {
					A0D8A67F1E791E8700E5C46B = {
						CreatedOnToolsVersion = 8.0;
						DevelopmentTeam = XUCTDNYC49;
						ProvisioningStyle = Automatic;
					};
					A0D8A6931E791E8700E5C46B = {
						CreatedOnToolsVersion = 8.0;
						DevelopmentTeam = XUCTDNYC49;
						ProvisioningStyle = Automatic;
						TestTargetID = A0D8A67F1E791E8700E5C46B;
					};
					A0D8A69E1E791E8700E5C46B = {
						CreatedOnToolsVersion = 8.0;
						DevelopmentTeam = XUCTDNYC49;
						ProvisioningStyle = Automatic;
						TestTargetID = A0D8A67F1E791E8700E5C46B;
					};
				};
			};
			buildConfigurationList = A0D8A67B1E791E8700E5C46B /* Build configuration list for PBXProject "SwiftPlayLocalVideo" */;
			compatibilityVersion = "Xcode 3.2";
			developmentRegion = English;
			hasScannedForEncodings = 0;
			knownRegions = (
				en,
				Base,
			);
			mainGroup = A0D8A6771E791E8700E5C46B;
			productRefGroup = A0D8A6811E791E8700E5C46B /* Products */;
			projectDirPath = "";
			projectRoot = "";
			targets = (
				A0D8A67F1E791E8700E5C46B /* SwiftPlayLocalVideo */,
				A0D8A6931E791E8700E5C46B /* SwiftPlayLocalVideoTests */,
				A0D8A69E1E791E8700E5C46B /* SwiftPlayLocalVideoUITests */,
			);
		};
/* End PBXProject section */

/* Begin PBXResourcesBuildPhase section */
		A0D8A67E1E791E8700E5C46B /* Resources */ = {
			isa = PBXResourcesBuildPhase;
			buildActionMask = 2147483647;
			files = (
				A0D8A6B51E79333400E5C46B /* emoji.mp4 in Resources */,
				A0D8A68E1E791E8700E5C46B /* LaunchScreen.storyboard in Resources */,
				A0D8A68B1E791E8700E5C46B /* Assets.xcassets in Resources */,
				A0D8A6891E791E8700E5C46B /* Main.storyboard in Resources */,
			);
			runOnlyForDeploymentPostprocessing = 0;
		};
		A0D8A6921E791E8700E5C46B /* Resources */ = {
			isa = PBXResourcesBuildPhase;
			buildActionMask = 2147483647;
			files = (
			);
			runOnlyForDeploymentPostprocessing = 0;
		};
		A0D8A69D1E791E8700E5C46B /* Resources */ = {
			isa = PBXResourcesBuildPhase;
			buildActionMask = 2147483647;
			files = (
			);
			runOnlyForDeploymentPostprocessing = 0;
		};
/* End PBXResourcesBuildPhase section */

/* Begin PBXSourcesBuildPhase section */
		A0D8A67C1E791E8700E5C46B /* Sources */ = {
			isa = PBXSourcesBuildPhase;
			buildActionMask = 2147483647;
			files = (
				A0D8A6B21E791FD800E5C46B /* CustomTableViewCell.swift in Sources */,
				A0D8A6861E791E8700E5C46B /* ViewController.swift in Sources */,
				A0D8A6841E791E8700E5C46B /* AppDelegate.swift in Sources */,
			);
			runOnlyForDeploymentPostprocessing = 0;
		};
		A0D8A6901E791E8700E5C46B /* Sources */ = {
			isa = PBXSourcesBuildPhase;
			buildActionMask = 2147483647;
			files = (
				A0D8A6991E791E8700E5C46B /* SwiftPlayLocalVideoTests.swift in Sources */,
			);
			runOnlyForDeploymentPostprocessing = 0;
		};
		A0D8A69B1E791E8700E5C46B /* Sources */ = {
			isa = PBXSourcesBuildPhase;
			buildActionMask = 2147483647;
			files = (
				A0D8A6A41E791E8700E5C46B /* SwiftPlayLocalVideoUITests.swift in Sources */,
			);
			runOnlyForDeploymentPostprocessing = 0;
		};
/* End PBXSourcesBuildPhase section */

/* Begin PBXTargetDependency section */
		A0D8A6961E791E8700E5C46B /* PBXTargetDependency */ = {
			isa = PBXTargetDependency;
			target = A0D8A67F1E791E8700E5C46B /* SwiftPlayLocalVideo */;
			targetProxy = A0D8A6951E791E8700E5C46B /* PBXContainerItemProxy */;
		};
		A0D8A6A11E791E8700E5C46B /* PBXTargetDependency */ = {
			isa = PBXTargetDependency;
			target = A0D8A67F1E791E8700E5C46B /* SwiftPlayLocalVideo */;
			targetProxy = A0D8A6A01E791E8700E5C46B /* PBXContainerItemProxy */;
		};
/* End PBXTargetDependency section */

/* Begin PBXVariantGroup section */
		A0D8A6871E791E8700E5C46B /* Main.storyboard */ = {
			isa = PBXVariantGroup;
			children = (
				A0D8A6881E791E8700E5C46B /* Base */,
			);
			name = Main.storyboard;
			sourceTree = "<group>";
		};
		A0D8A68C1E791E8700E5C46B /* LaunchScreen.storyboard */ = {
			isa = PBXVariantGroup;
			children = (
				A0D8A68D1E791E8700E5C46B /* Base */,
			);
			name = LaunchScreen.storyboard;
			sourceTree = "<group>";
		};
/* End PBXVariantGroup section */

/* Begin XCBuildConfiguration section */
		A0D8A6A61E791E8700E5C46B /* Debug */ = {
			isa = XCBuildConfiguration;
			buildSettings = {
				ALWAYS_SEARCH_USER_PATHS = NO;
				CLANG_ANALYZER_NONNULL = YES;
				CLANG_CXX_LANGUAGE_STANDARD = "gnu++0x";
				CLANG_CXX_LIBRARY = "libc++";
				CLANG_ENABLE_MODULES = YES;
				CLANG_ENABLE_OBJC_ARC = YES;
				CLANG_WARN_BOOL_CONVERSION = YES;
				CLANG_WARN_CONSTANT_CONVERSION = YES;
				CLANG_WARN_DIRECT_OBJC_ISA_USAGE = YES_ERROR;
				CLANG_WARN_DOCUMENTATION_COMMENTS = YES;
				CLANG_WARN_EMPTY_BODY = YES;
				CLANG_WARN_ENUM_CONVERSION = YES;
				CLANG_WARN_INFINITE_RECURSION = YES;
				CLANG_WARN_INT_CONVERSION = YES;
				CLANG_WARN_OBJC_ROOT_CLASS = YES_ERROR;
				CLANG_WARN_SUSPICIOUS_MOVES = YES;
				CLANG_WARN_UNREACHABLE_CODE = YES;
				CLANG_WARN__DUPLICATE_METHOD_MATCH = YES;
				"CODE_SIGN_IDENTITY[sdk=iphoneos*]" = "iPhone Developer";
				COPY_PHASE_STRIP = NO;
				DEBUG_INFORMATION_FORMAT = dwarf;
				ENABLE_STRICT_OBJC_MSGSEND = YES;
				ENABLE_TESTABILITY = YES;
				GCC_C_LANGUAGE_STANDARD = gnu99;
				GCC_DYNAMIC_NO_PIC = NO;
				GCC_NO_COMMON_BLOCKS = YES;
				GCC_OPTIMIZATION_LEVEL = 0;
				GCC_PREPROCESSOR_DEFINITIONS = (
					"DEBUG=1",
					"$(inherited)",
				);
				GCC_WARN_64_TO_32_BIT_CONVERSION = YES;
				GCC_WARN_ABOUT_RETURN_TYPE = YES_ERROR;
				GCC_WARN_UNDECLARED_SELECTOR = YES;
				GCC_WARN_UNINITIALIZED_AUTOS = YES_AGGRESSIVE;
				GCC_WARN_UNUSED_FUNCTION = YES;
				GCC_WARN_UNUSED_VARIABLE = YES;
				IPHONEOS_DEPLOYMENT_TARGET = 10.0;
				MTL_ENABLE_DEBUG_INFO = YES;
				ONLY_ACTIVE_ARCH = YES;
				SDKROOT = iphoneos;
				SWIFT_ACTIVE_COMPILATION_CONDITIONS = DEBUG;
				SWIFT_OPTIMIZATION_LEVEL = "-Onone";
				TARGETED_DEVICE_FAMILY = "1,2";
			};
			name = Debug;
		};
		A0D8A6A71E791E8700E5C46B /* Release */ = {
			isa = XCBuildConfiguration;
			buildSettings = {
				ALWAYS_SEARCH_USER_PATHS = NO;
				CLANG_ANALYZER_NONNULL = YES;
				CLANG_CXX_LANGUAGE_STANDARD = "gnu++0x";
				CLANG_CXX_LIBRARY = "libc++";
				CLANG_ENABLE_MODULES = YES;
				CLANG_ENABLE_OBJC_ARC = YES;
				CLANG_WARN_BOOL_CONVERSION = YES;
				CLANG_WARN_CONSTANT_CONVERSION = YES;
				CLANG_WARN_DIRECT_OBJC_ISA_USAGE = YES_ERROR;
				CLANG_WARN_DOCUMENTATION_COMMENTS = YES;
				CLANG_WARN_EMPTY_BODY = YES;
				CLANG_WARN_ENUM_CONVERSION = YES;
				CLANG_WARN_INFINITE_RECURSION = YES;
				CLANG_WARN_INT_CONVERSION = YES;
				CLANG_WARN_OBJC_ROOT_CLASS = YES_ERROR;
				CLANG_WARN_SUSPICIOUS_MOVES = YES;
				CLANG_WARN_UNREACHABLE_CODE = YES;
				CLANG_WARN__DUPLICATE_METHOD_MATCH = YES;
				"CODE_SIGN_IDENTITY[sdk=iphoneos*]" = "iPhone Developer";
				COPY_PHASE_STRIP = NO;
				DEBUG_INFORMATION_FORMAT = "dwarf-with-dsym";
				ENABLE_NS_ASSERTIONS = NO;
				ENABLE_STRICT_OBJC_MSGSEND = YES;
				GCC_C_LANGUAGE_STANDARD = gnu99;
				GCC_NO_COMMON_BLOCKS = YES;
				GCC_WARN_64_TO_32_BIT_CONVERSION = YES;
				GCC_WARN_ABOUT_RETURN_TYPE = YES_ERROR;
				GCC_WARN_UNDECLARED_SELECTOR = YES;
				GCC_WARN_UNINITIALIZED_AUTOS = YES_AGGRESSIVE;
				GCC_WARN_UNUSED_FUNCTION = YES;
				GCC_WARN_UNUSED_VARIABLE = YES;
				IPHONEOS_DEPLOYMENT_TARGET = 10.0;
				MTL_ENABLE_DEBUG_INFO = NO;
				SDKROOT = iphoneos;
				SWIFT_OPTIMIZATION_LEVEL = "-Owholemodule";
				TARGETED_DEVICE_FAMILY = "1,2";
				VALIDATE_PRODUCT = YES;
			};
			name = Release;
		};
		A0D8A6A91E791E8700E5C46B /* Debug */ = {
			isa = XCBuildConfiguration;
			buildSettings = {
				ASSETCATALOG_COMPILER_APPICON_NAME = AppIcon;
				DEVELOPMENT_TEAM = XUCTDNYC49;
				INFOPLIST_FILE = SwiftPlayLocalVideo/Info.plist;
				LD_RUNPATH_SEARCH_PATHS = "$(inherited) @executable_path/Frameworks";
				PRODUCT_BUNDLE_IDENTIFIER = com.runo.SwiftPlayLocalVideo;
				PRODUCT_NAME = "$(TARGET_NAME)";
				SWIFT_VERSION = 3.0;
			};
			name = Debug;
		};
		A0D8A6AA1E791E8700E5C46B /* Release */ = {
			isa = XCBuildConfiguration;
			buildSettings = {
				ASSETCATALOG_COMPILER_APPICON_NAME = AppIcon;
				DEVELOPMENT_TEAM = XUCTDNYC49;
				INFOPLIST_FILE = SwiftPlayLocalVideo/Info.plist;
				LD_RUNPATH_SEARCH_PATHS = "$(inherited) @executable_path/Frameworks";
				PRODUCT_BUNDLE_IDENTIFIER = com.runo.SwiftPlayLocalVideo;
				PRODUCT_NAME = "$(TARGET_NAME)";
				SWIFT_VERSION = 3.0;
			};
			name = Release;
		};
		A0D8A6AC1E791E8700E5C46B /* Debug */ = {
			isa = XCBuildConfiguration;
			buildSettings = {
				ALWAYS_EMBED_SWIFT_STANDARD_LIBRARIES = YES;
				BUNDLE_LOADER = "$(TEST_HOST)";
				DEVELOPMENT_TEAM = XUCTDNYC49;
				INFOPLIST_FILE = SwiftPlayLocalVideoTests/Info.plist;
				LD_RUNPATH_SEARCH_PATHS = "$(inherited) @executable_path/Frameworks @loader_path/Frameworks";
				PRODUCT_BUNDLE_IDENTIFIER = com.runo.SwiftPlayLocalVideoTests;
				PRODUCT_NAME = "$(TARGET_NAME)";
				SWIFT_VERSION = 3.0;
				TEST_HOST = "$(BUILT_PRODUCTS_DIR)/SwiftPlayLocalVideo.app/SwiftPlayLocalVideo";
			};
			name = Debug;
		};
		A0D8A6AD1E791E8700E5C46B /* Release */ = {
			isa = XCBuildConfiguration;
			buildSettings = {
				ALWAYS_EMBED_SWIFT_STANDARD_LIBRARIES = YES;
				BUNDLE_LOADER = "$(TEST_HOST)";
				DEVELOPMENT_TEAM = XUCTDNYC49;
				INFOPLIST_FILE = SwiftPlayLocalVideoTests/Info.plist;
				LD_RUNPATH_SEARCH_PATHS = "$(inherited) @executable_path/Frameworks @loader_path/Frameworks";
				PRODUCT_BUNDLE_IDENTIFIER = com.runo.SwiftPlayLocalVideoTests;
				PRODUCT_NAME = "$(TARGET_NAME)";
				SWIFT_VERSION = 3.0;
				TEST_HOST = "$(BUILT_PRODUCTS_DIR)/SwiftPlayLocalVideo.app/SwiftPlayLocalVideo";
			};
			name = Release;
		};
		A0D8A6AF1E791E8700E5C46B /* Debug */ = {
			isa = XCBuildConfiguration;
			buildSettings = {
				ALWAYS_EMBED_SWIFT_STANDARD_LIBRARIES = YES;
				DEVELOPMENT_TEAM = XUCTDNYC49;
				INFOPLIST_FILE = SwiftPlayLocalVideoUITests/Info.plist;
				LD_RUNPATH_SEARCH_PATHS = "$(inherited) @executable_path/Frameworks @loader_path/Frameworks";
				PRODUCT_BUNDLE_IDENTIFIER = com.runo.SwiftPlayLocalVideoUITests;
				PRODUCT_NAME = "$(TARGET_NAME)";
				SWIFT_VERSION = 3.0;
				TEST_TARGET_NAME = SwiftPlayLocalVideo;
			};
			name = Debug;
		};
		A0D8A6B01E791E8700E5C46B /* Release */ = {
			isa = XCBuildConfiguration;
			buildSettings = {
				ALWAYS_EMBED_SWIFT_STANDARD_LIBRARIES = YES;
				DEVELOPMENT_TEAM = XUCTDNYC49;
				INFOPLIST_FILE = SwiftPlayLocalVideoUITests/Info.plist;
				LD_RUNPATH_SEARCH_PATHS = "$(inherited) @executable_path/Frameworks @loader_path/Frameworks";
				PRODUCT_BUNDLE_IDENTIFIER = com.runo.SwiftPlayLocalVideoUITests;
				PRODUCT_NAME = "$(TARGET_NAME)";
				SWIFT_VERSION = 3.0;
				TEST_TARGET_NAME = SwiftPlayLocalVideo;
			};
			name = Release;
		};
/* End XCBuildConfiguration section */

/* Begin XCConfigurationList section */
		A0D8A67B1E791E8700E5C46B /* Build configuration list for PBXProject "SwiftPlayLocalVideo" */ = {
			isa = XCConfigurationList;
			buildConfigurations = (
				A0D8A6A61E791E8700E5C46B /* Debug */,
				A0D8A6A71E791E8700E5C46B /* Release */,
			);
			defaultConfigurationIsVisible = 0;
			defaultConfigurationName = Release;
		};
		A0D8A6A81E791E8700E5C46B /* Build configuration list for PBXNativeTarget "SwiftPlayLocalVideo" */ = {
			isa = XCConfigurationList;
			buildConfigurations = (
				A0D8A6A91E791E8700E5C46B /* Debug */,
				A0D8A6AA1E791E8700E5C46B /* Release */,
			);
			defaultConfigurationIsVisible = 0;
		};
		A0D8A6AB1E791E8700E5C46B /* Build configuration list for PBXNativeTarget "SwiftPlayLocalVideoTests" */ = {
			isa = XCConfigurationList;
			buildConfigurations = (
				A0D8A6AC1E791E8700E5C46B /* Debug */,
				A0D8A6AD1E791E8700E5C46B /* Release */,
			);
			defaultConfigurationIsVisible = 0;
		};
		A0D8A6AE1E791E8700E5C46B /* Build configuration list for PBXNativeTarget "SwiftPlayLocalVideoUITests" */ = {
			isa = XCConfigurationList;
			buildConfigurations = (
				A0D8A6AF1E791E8700E5C46B /* Debug */,
				A0D8A6B01E791E8700E5C46B /* Release */,
			);
			defaultConfigurationIsVisible = 0;
		};
/* End XCConfigurationList section */
	};
	rootObject = A0D8A6781E791E8700E5C46B /* Project object */;
}
